<?xml version="1.0" encoding="utf-8"?>
<Project ToolsVersion="4.0" xmlns="http://schemas.microsoft.com/developer/msbuild/2003">
  <ItemGroup>
    <Filter Include="Source Files">
      <UniqueIdentifier>{4FC737F1-C7A5-4376-A066-2A32D752A2FF}</UniqueIdentifier>
      <Extensions>cpp;c;cc;cxx;c++;cppm;ixx;def;odl;idl;hpj;bat;asm;asmx</Extensions>
    </Filter>
    <Filter Include="Header Files">
      <UniqueIdentifier>{93995380-89BD-4b04-88EB-625FBE52EBFB}</UniqueIdentifier>
      <Extensions>h;hh;hpp;hxx;h++;hm;inl;inc;ipp;xsd</Extensions>
    </Filter>
    <Filter Include="Resource Files">
      <UniqueIdentifier>{67DA6AB6-F800-4c08-8B7A-83BB121AAD01}</UniqueIdentifier>
      <Extensions>rc;ico;cur;bmp;dlg;rc2;rct;bin;rgs;gif;jpg;jpeg;jpe;resx;tiff;tif;png;wav;mfcribbon-ms</Extensions>
    </Filter>
    <Filter Include="Header Files\eq">
      <UniqueIdentifier>{da6875af-2c28-4051-8df7-0da7bbe96a98}</UniqueIdentifier>
    </Filter>
  </ItemGroup>
  <ItemGroup>
    <ClInclude Include="framework.h">
      <Filter>Header Files</Filter>
    </ClInclude>
    <ClInclude Include="pch.h">
      <Filter>Header Files</Filter>
    </ClInclude>
    <ClInclude Include="overlay.h">
      <Filter>Header Files</Filter>
    </ClInclude>
    <ClInclude Include="eqmodule.h">
      <Filter>Header Files</Filter>
    </ClInclude>
    <ClInclude Include="nuklear.h">
      <Filter>Header Files</Filter>
    </ClInclude>
    <ClInclude Include="d3d9_hooks.h">
      <Filter>Header Files</Filter>
    </ClInclude>
    <ClInclude Include="nuklear_d3d9.h">
      <Filter>Header Files</Filter>
    </ClInclude>
    <ClInclude Include="eq\eqgame.h">
      <Filter>Header Files\eq</Filter>
    </ClInclude>
    <ClInclude Include="eq\common.h">
      <Filter>Header Files\eq</Filter>
    </ClInclude>
    <ClInclude Include="eq\containers.h">
      <Filter>Header Files\eq</Filter>
    </ClInclude>
    <ClInclude Include="eq\cxstr.h">
      <Filter>Header Files\eq</Filter>
    </ClInclude>
    <ClInclude Include="eq\eq.h">
      <Filter>Header Files\eq</Filter>
    </ClInclude>
    <ClInclude Include="eq\allocator.h">
      <Filter>Header Files\eq</Filter>
    </ClInclude>
    <ClInclude Include="eq\offset_utils.h">
      <Filter>Header Files\eq</Filter>
    </ClInclude>
    <ClInclude Include="eq\login_frontend.h">
      <Filter>Header Files\eq</Filter>
    </ClInclude>
    <ClInclude Include="eq\eqmain.h">
      <Filter>Header Files\eq</Filter>
    </ClInclude>
    <ClInclude Include="eq\globals.h">
      <Filter>Header Files\eq</Filter>
    </ClInclude>
    <ClInclude Include="eq\eqgraphics.h">
      <Filter>Header Files\eq</Filter>
    </ClInclude>
    <ClInclude Include="eq\forward_decls.h">
      <Filter>Header Files\eq</Filter>
    </ClInclude>
    <ClInclude Include="eq\expansions.h">
      <Filter>Header Files\eq</Filter>
    </ClInclude>
  </ItemGroup>
  <ItemGroup>
    <ClCompile Include="core.cpp">
      <Filter>Source Files</Filter>
    </ClCompile>
    <ClCompile Include="pch.cpp">
      <Filter>Source Files</Filter>
    </ClCompile>
    <ClCompile Include="overlay.cpp">
      <Filter>Source Files</Filter>
    </ClCompile>
    <ClCompile Include="nuklear_impl.cpp">
      <Filter>Header Files</Filter>
    </ClCompile>
    <ClCompile Include="d3d9.cpp">
      <Filter>Source Files</Filter>
    </ClCompile>
    <ClCompile Include="eq\globals.cpp">
      <Filter>Header Files\eq</Filter>
    </ClCompile>
  </ItemGroup>
</Project>