<?xml version="1.0" encoding="utf-8"?>
<Project ToolsVersion="4.0" xmlns="http://schemas.microsoft.com/developer/msbuild/2003">
  <ItemGroup>
    <Filter Include="Source Files">
      <UniqueIdentifier>{4FC737F1-C7A5-4376-A066-2A32D752A2FF}</UniqueIdentifier>
      <Extensions>cpp;c;cc;cxx;c++;cppm;ixx;def;odl;idl;hpj;bat;asm;asmx</Extensions>
    </Filter>
    <Filter Include="Header Files">
      <UniqueIdentifier>{93995380-89BD-4b04-88EB-625FBE52EBFB}</UniqueIdentifier>
      <Extensions>h;hh;hpp;hxx;h++;hm;inl;inc;ipp;xsd</Extensions>
    </Filter>
    <Filter Include="Resource Files">
      <UniqueIdentifier>{67DA6AB6-F800-4c08-8B7A-83BB121AAD01}</UniqueIdentifier>
      <Extensions>rc;ico;cur;bmp;dlg;rc2;rct;bin;rgs;gif;jpg;jpeg;jpe;resx;tiff;tif;png;wav;mfcribbon-ms</Extensions>
    </Filter>
    <Filter Include="Header Files\eq">
      <UniqueIdentifier>{da6875af-2c28-4051-8df7-0da7bbe96a98}</UniqueIdentifier>
    </Filter>
    <Filter Include="Modules">
      <UniqueIdentifier>{c7b1a62f-1e0d-493b-bf48-1997069a0def}</UniqueIdentifier>
    </Filter>
    <Filter Include="Modules\hooks">
      <UniqueIdentifier>{aedbe85c-9436-480d-b861-86432b76b3c9}</UniqueIdentifier>
    </Filter>
  </ItemGroup>
  <ItemGroup>
    <ClInclude Include="framework.h">
      <Filter>Header Files</Filter>
    </ClInclude>
    <ClInclude Include="nuklear.h">
      <Filter>Header Files</Filter>
    </ClInclude>
    <ClInclude Include="hook.h">
      <Filter>Header Files\eq</Filter>
    </ClInclude>
    <ClInclude Include="nuklear_d3d9.h">
      <Filter>Header Files</Filter>
    </ClInclude>
  </ItemGroup>
  <ItemGroup>
    <ClCompile Include="core.cpp">
      <Filter>Source Files</Filter>
    </ClCompile>
    <ClCompile Include="offset_utils.ixx">
      <Filter>Modules</Filter>
    </ClCompile>
    <ClCompile Include="common.ixx">
      <Filter>Modules</Filter>
    </ClCompile>
    <ClCompile Include="containers.ixx">
      <Filter>Modules</Filter>
    </ClCompile>
    <ClCompile Include="cxstr.ixx">
      <Filter>Modules</Filter>
    </ClCompile>
    <ClCompile Include="eq.ixx">
      <Filter>Modules</Filter>
    </ClCompile>
    <ClCompile Include="eqgame.ixx">
      <Filter>Modules</Filter>
    </ClCompile>
    <ClCompile Include="eqgraphics.ixx">
      <Filter>Modules</Filter>
    </ClCompile>
    <ClCompile Include="eqmain.ixx">
      <Filter>Modules</Filter>
    </ClCompile>
    <ClCompile Include="globals.ixx">
      <Filter>Modules</Filter>
    </ClCompile>
    <ClCompile Include="login_frontend.ixx">
      <Filter>Modules</Filter>
    </ClCompile>
    <ClCompile Include="allocator.ixx">
      <Filter>Modules</Filter>
    </ClCompile>
    <ClCompile Include="overlay.ixx">
      <Filter>Modules</Filter>
    </ClCompile>
    <ClCompile Include="d3d9.ixx">
      <Filter>Modules</Filter>
    </ClCompile>
    <ClCompile Include="nuklear_impl.cpp">
      <Filter>Source Files</Filter>
    </ClCompile>
    <ClCompile Include="http.ixx">
      <Filter>Modules</Filter>
    </ClCompile>
    <ClCompile Include="zip.ixx">
      <Filter>Modules</Filter>
    </ClCompile>
    <ClCompile Include="utility.ixx">
      <Filter>Modules</Filter>
    </ClCompile>
    <ClCompile Include="hooks.ixx">
      <Filter>Modules\hooks</Filter>
    </ClCompile>
    <ClCompile Include="filesystem.ixx">
      <Filter>Modules\hooks</Filter>
    </ClCompile>
    <ClCompile Include="login.ixx">
      <Filter>Modules\hooks</Filter>
    </ClCompile>
    <ClCompile Include="config.ixx">
      <Filter>Modules\hooks</Filter>
    </ClCompile>
    <ClCompile Include="options.ixx">
      <Filter>Modules\hooks</Filter>
    </ClCompile>
    <ClCompile Include="server.ixx">
      <Filter>Modules</Filter>
    </ClCompile>
    <ClCompile Include="zone.ixx">
      <Filter>Modules\hooks</Filter>
    </ClCompile>
    <ClCompile Include="animation.ixx">
      <Filter>Modules\hooks</Filter>
    </ClCompile>
    <ClCompile Include="npc.ixx">
      <Filter>Modules\hooks</Filter>
    </ClCompile>
    <ClCompile Include="nk.ixx">
      <Filter>Modules</Filter>
    </ClCompile>
  </ItemGroup>
</Project>